
Microsoft Visual Studio Solution File, Format Version 12.00
# Visual Studio Version 17
VisualStudioVersion = 17.1.32328.378
MinimumVisualStudioVersion = 10.0.40219.1
Project("{FAE04EC0-301F-11D3-BF4B-00C04F79EFBC}") = "annagram", "annagram\annagram.csproj", "{F42942A9-283E-46C9-958B-27E1FE37F5A2}"
EndProject
Global
	GlobalSection(SolutionConfigurationPlatforms) = preSolution
		Debug|Any CPU = Debug|Any CPU
		Release|Any CPU = Release|Any CPU
	EndGlobalSection
	GlobalSection(ProjectConfigurationPlatforms) = postSolution
		{F42942A9-283E-46C9-958B-27E1FE37F5A2}.Debug|Any CPU.ActiveCfg = Debug|Any CPU
		{F42942A9-283E-46C9-958B-27E1FE37F5A2}.Debug|Any CPU.Build.0 = Debug|Any CPU
		{F42942A9-283E-46C9-958B-27E1FE37F5A2}.Release|Any CPU.ActiveCfg = Release|Any CPU
		{F42942A9-283E-46C9-958B-27E1FE37F5A2}.Release|Any CPU.Build.0 = Release|Any CPU
	EndGlobalSection
	GlobalSection(SolutionProperties) = preSolution
		HideSolutionNode = FALSE
	EndGlobalSection
	GlobalSection(ExtensibilityGlobals) = postSolution
		SolutionGuid = {0939F677-247D-4B00-A48A-4F56996D72D6}
	EndGlobalSection
EndGlobal
