
Microsoft Visual Studio Solution File, Format Version 12.00
# Visual Studio Version 17
VisualStudioVersion = 17.1.32328.378
MinimumVisualStudioVersion = 10.0.40219.1
Project("{FAE04EC0-301F-11D3-BF4B-00C04F79EFBC}") = "CovarienceContravarience", "CovarienceContravarience\CovarienceContravarience.csproj", "{CF18871C-80AB-4FFD-94FB-2AF0319B06BD}"
EndProject
Global
	GlobalSection(SolutionConfigurationPlatforms) = preSolution
		Debug|Any CPU = Debug|Any CPU
		Release|Any CPU = Release|Any CPU
	EndGlobalSection
	GlobalSection(ProjectConfigurationPlatforms) = postSolution
		{CF18871C-80AB-4FFD-94FB-2AF0319B06BD}.Debug|Any CPU.ActiveCfg = Debug|Any CPU
		{CF18871C-80AB-4FFD-94FB-2AF0319B06BD}.Debug|Any CPU.Build.0 = Debug|Any CPU
		{CF18871C-80AB-4FFD-94FB-2AF0319B06BD}.Release|Any CPU.ActiveCfg = Release|Any CPU
		{CF18871C-80AB-4FFD-94FB-2AF0319B06BD}.Release|Any CPU.Build.0 = Release|Any CPU
	EndGlobalSection
	GlobalSection(SolutionProperties) = preSolution
		HideSolutionNode = FALSE
	EndGlobalSection
	GlobalSection(ExtensibilityGlobals) = postSolution
		SolutionGuid = {409FB87D-2573-4F61-8AC7-1705536D852A}
	EndGlobalSection
EndGlobal
